
Microsoft Visual Studio Solution File, Format Version 12.00
# Visual Studio Version 17
VisualStudioVersion = 17.8.34408.163
MinimumVisualStudioVersion = 10.0.40219.1
Project("{9A19103F-16F7-4668-BE54-9A1E7A4F7556}") = "WinFormsApp", "WinFormsApp\WinFormsApp.csproj", "{E6B08B27-8E2D-412F-8F6A-AF461255C611}"
EndProject
Global
	GlobalSection(SolutionConfigurationPlatforms) = preSolution
		Debug|Any CPU = Debug|Any CPU
		Release|Any CPU = Release|Any CPU
	EndGlobalSection
	GlobalSection(ProjectConfigurationPlatforms) = postSolution
		{E6B08B27-8E2D-412F-8F6A-AF461255C611}.Debug|Any CPU.ActiveCfg = Debug|Any CPU
		{E6B08B27-8E2D-412F-8F6A-AF461255C611}.Debug|Any CPU.Build.0 = Debug|Any CPU
		{E6B08B27-8E2D-412F-8F6A-AF461255C611}.Release|Any CPU.ActiveCfg = Release|Any CPU
		{E6B08B27-8E2D-412F-8F6A-AF461255C611}.Release|Any CPU.Build.0 = Release|Any CPU
	EndGlobalSection
	GlobalSection(SolutionProperties) = preSolution
		HideSolutionNode = FALSE
	EndGlobalSection
	GlobalSection(ExtensibilityGlobals) = postSolution
		SolutionGuid = {2D9CDD8A-F0D7-4F11-9D02-A76993EA5A9E}
	EndGlobalSection
EndGlobal
